
Microsoft Visual Studio Solution File, Format Version 12.00
# Visual Studio Version 16
VisualStudioVersion = 16.0.32901.82
MinimumVisualStudioVersion = 10.0.40219.1
Project("{FAE04EC0-301F-11D3-BF4B-00C04F79EFBC}") = "Sharpcat", "Sharpcat.csproj", "{D16FD95F-23CE-4F8D-8763-B9F5A9CDD0C3}"
EndProject
Global
	GlobalSection(SolutionConfigurationPlatforms) = preSolution
		Debug|Any CPU = Debug|Any CPU
		Release|Any CPU = Release|Any CPU
	EndGlobalSection
	GlobalSection(ProjectConfigurationPlatforms) = postSolution
		{D16FD95F-23CE-4F8D-8763-B9F5A9CDD0C3}.Debug|Any CPU.ActiveCfg = Debug|Any CPU
		{D16FD95F-23CE-4F8D-8763-B9F5A9CDD0C3}.Debug|Any CPU.Build.0 = Debug|Any CPU
		{D16FD95F-23CE-4F8D-8763-B9F5A9CDD0C3}.Release|Any CPU.ActiveCfg = Release|Any CPU
		{D16FD95F-23CE-4F8D-8763-B9F5A9CDD0C3}.Release|Any CPU.Build.0 = Release|Any CPU
	EndGlobalSection
	GlobalSection(SolutionProperties) = preSolution
		HideSolutionNode = FALSE
	EndGlobalSection
	GlobalSection(ExtensibilityGlobals) = postSolution
		SolutionGuid = {545B129A-9BBC-4464-B92B-9E9268D7792A}
	EndGlobalSection
EndGlobal
